<?xml version="1.0" encoding="utf-8"?>
<Project ToolsVersion="4.0" xmlns="http://schemas.microsoft.com/developer/msbuild/2003">
  <ItemGroup>
    <ClInclude Include="j_list.h" />
  </ItemGroup>
  <ItemGroup>
    <ClCompile Include="소스.cpp" />
  </ItemGroup>
  <ItemGroup>
    <Text Include="템플릿 링크드 리스트(stl 처럼).txt" />
  </ItemGroup>
</Project>