<?xml version="1.0" encoding="utf-8"?>
<Project ToolsVersion="4.0" xmlns="http://schemas.microsoft.com/developer/msbuild/2003">
  <ItemGroup>
    <ClCompile Include="Packet.cpp">
      <Filter>Protocol</Filter>
    </ClCompile>
    <ClCompile Include="main.cpp">
      <Filter>Default</Filter>
    </ClCompile>
    <ClCompile Include="Server.cpp">
      <Filter>Network</Filter>
    </ClCompile>
    <ClCompile Include="stdafx.cpp">
      <Filter>Default</Filter>
    </ClCompile>
    <ClCompile Include="RingBuffer.cpp">
      <Filter>Util</Filter>
    </ClCompile>
  </ItemGroup>
  <ItemGroup>
    <ClInclude Include="PacketDefine.h">
      <Filter>Protocol</Filter>
    </ClInclude>
    <ClInclude Include="Packet.h">
      <Filter>Protocol</Filter>
    </ClInclude>
    <ClInclude Include="Server.h">
      <Filter>Network</Filter>
    </ClInclude>
    <ClInclude Include="stdafx.h">
      <Filter>Default</Filter>
    </ClInclude>
    <ClInclude Include="RingBuffer.h">
      <Filter>Util</Filter>
    </ClInclude>
  </ItemGroup>
  <ItemGroup>
    <Text Include="기타정보.txt" />
  </ItemGroup>
  <ItemGroup>
    <Filter Include="Default">
      <UniqueIdentifier>{25356a6e-c598-45c8-8b75-f3b661781e20}</UniqueIdentifier>
    </Filter>
    <Filter Include="Network">
      <UniqueIdentifier>{e62e8bef-f2f1-4ff4-a79d-1efa76df9aae}</UniqueIdentifier>
    </Filter>
    <Filter Include="Util">
      <UniqueIdentifier>{bff5411e-d75f-4f1a-bec4-dd0c8ddae444}</UniqueIdentifier>
    </Filter>
    <Filter Include="Protocol">
      <UniqueIdentifier>{dc7f5f25-3a27-43ae-892d-08f943aa546e}</UniqueIdentifier>
    </Filter>
  </ItemGroup>
</Project>